
Microsoft Visual Studio Solution File, Format Version 12.00
# Visual Studio Version 16
VisualStudioVersion = 16.0.32106.194
MinimumVisualStudioVersion = 10.0.40219.1
Project("{FAE04EC0-301F-11D3-BF4B-00C04F79EFBC}") = "RemontVAZ.UWP", "RemontVAZ\RemontVAZ.UWP\RemontVAZ.UWP.csproj", "{EAEDC0AB-20C8-455B-A00F-14EBF05F6C4F}"
EndProject
Project("{FAE04EC0-301F-11D3-BF4B-00C04F79EFBC}") = "RemontVAZ.Android", "RemontVAZ\RemontVAZ.Android\RemontVAZ.Android.csproj", "{D559F214-367E-4829-AE72-7B09DF4BFC81}"
EndProject
Project("{FAE04EC0-301F-11D3-BF4B-00C04F79EFBC}") = "RemontVAZ.iOS", "RemontVAZ\RemontVAZ.iOS\RemontVAZ.iOS.csproj", "{DC4BBC84-2794-4708-9DC6-DA1E1A6D754A}"
EndProject
Project("{FAE04EC0-301F-11D3-BF4B-00C04F79EFBC}") = "RemontVAZ", "RemontVAZ\RemontVAZ\RemontVAZ.csproj", "{8EC65DE7-DDF7-4046-AC39-C3F19E60CC66}"
EndProject
Global
	GlobalSection(SolutionConfigurationPlatforms) = preSolution
		Debug|Any CPU = Debug|Any CPU
		Debug|ARM = Debug|ARM
		Debug|iPhone = Debug|iPhone
		Debug|iPhoneSimulator = Debug|iPhoneSimulator
		Debug|x64 = Debug|x64
		Debug|x86 = Debug|x86
		Release|Any CPU = Release|Any CPU
		Release|ARM = Release|ARM
		Release|iPhone = Release|iPhone
		Release|iPhoneSimulator = Release|iPhoneSimulator
		Release|x64 = Release|x64
		Release|x86 = Release|x86
	EndGlobalSection
	GlobalSection(ProjectConfigurationPlatforms) = postSolution
		{EAEDC0AB-20C8-455B-A00F-14EBF05F6C4F}.Debug|Any CPU.ActiveCfg = Debug|x86
		{EAEDC0AB-20C8-455B-A00F-14EBF05F6C4F}.Debug|Any CPU.Build.0 = Debug|x86
		{EAEDC0AB-20C8-455B-A00F-14EBF05F6C4F}.Debug|Any CPU.Deploy.0 = Debug|x86
		{EAEDC0AB-20C8-455B-A00F-14EBF05F6C4F}.Debug|ARM.ActiveCfg = Debug|ARM
		{EAEDC0AB-20C8-455B-A00F-14EBF05F6C4F}.Debug|ARM.Build.0 = Debug|ARM
		{EAEDC0AB-20C8-455B-A00F-14EBF05F6C4F}.Debug|ARM.Deploy.0 = Debug|ARM
		{EAEDC0AB-20C8-455B-A00F-14EBF05F6C4F}.Debug|iPhone.ActiveCfg = Debug|x86
		{EAEDC0AB-20C8-455B-A00F-14EBF05F6C4F}.Debug|iPhone.Build.0 = Debug|x86
		{EAEDC0AB-20C8-455B-A00F-14EBF05F6C4F}.Debug|iPhone.Deploy.0 = Debug|x86
		{EAEDC0AB-20C8-455B-A00F-14EBF05F6C4F}.Debug|iPhoneSimulator.ActiveCfg = Debug|x86
		{EAEDC0AB-20C8-455B-A00F-14EBF05F6C4F}.Debug|iPhoneSimulator.Build.0 = Debug|x86
		{EAEDC0AB-20C8-455B-A00F-14EBF05F6C4F}.Debug|iPhoneSimulator.Deploy.0 = Debug|x86
		{EAEDC0AB-20C8-455B-A00F-14EBF05F6C4F}.Debug|x64.ActiveCfg = Debug|x64
		{EAEDC0AB-20C8-455B-A00F-14EBF05F6C4F}.Debug|x64.Build.0 = Debug|x64
		{EAEDC0AB-20C8-455B-A00F-14EBF05F6C4F}.Debug|x64.Deploy.0 = Debug|x64
		{EAEDC0AB-20C8-455B-A00F-14EBF05F6C4F}.Debug|x86.ActiveCfg = Debug|x86
		{EAEDC0AB-20C8-455B-A00F-14EBF05F6C4F}.Debug|x86.Build.0 = Debug|x86
		{EAEDC0AB-20C8-455B-A00F-14EBF05F6C4F}.Debug|x86.Deploy.0 = Debug|x86
		{EAEDC0AB-20C8-455B-A00F-14EBF05F6C4F}.Release|Any CPU.ActiveCfg = Release|x86
		{EAEDC0AB-20C8-455B-A00F-14EBF05F6C4F}.Release|Any CPU.Build.0 = Release|x86
		{EAEDC0AB-20C8-455B-A00F-14EBF05F6C4F}.Release|Any CPU.Deploy.0 = Release|x86
		{EAEDC0AB-20C8-455B-A00F-14EBF05F6C4F}.Release|ARM.ActiveCfg = Release|ARM
		{EAEDC0AB-20C8-455B-A00F-14EBF05F6C4F}.Release|ARM.Build.0 = Release|ARM
		{EAEDC0AB-20C8-455B-A00F-14EBF05F6C4F}.Release|ARM.Deploy.0 = Release|ARM
		{EAEDC0AB-20C8-455B-A00F-14EBF05F6C4F}.Release|iPhone.ActiveCfg = Release|x86
		{EAEDC0AB-20C8-455B-A00F-14EBF05F6C4F}.Release|iPhone.Build.0 = Release|x86
		{EAEDC0AB-20C8-455B-A00F-14EBF05F6C4F}.Release|iPhone.Deploy.0 = Release|x86
		{EAEDC0AB-20C8-455B-A00F-14EBF05F6C4F}.Release|iPhoneSimulator.ActiveCfg = Release|x86
		{EAEDC0AB-20C8-455B-A00F-14EBF05F6C4F}.Release|iPhoneSimulator.Build.0 = Release|x86
		{EAEDC0AB-20C8-455B-A00F-14EBF05F6C4F}.Release|iPhoneSimulator.Deploy.0 = Release|x86
		{EAEDC0AB-20C8-455B-A00F-14EBF05F6C4F}.Release|x64.ActiveCfg = Release|x64
		{EAEDC0AB-20C8-455B-A00F-14EBF05F6C4F}.Release|x64.Build.0 = Release|x64
		{EAEDC0AB-20C8-455B-A00F-14EBF05F6C4F}.Release|x64.Deploy.0 = Release|x64
		{EAEDC0AB-20C8-455B-A00F-14EBF05F6C4F}.Release|x86.ActiveCfg = Release|x86
		{EAEDC0AB-20C8-455B-A00F-14EBF05F6C4F}.Release|x86.Build.0 = Release|x86
		{EAEDC0AB-20C8-455B-A00F-14EBF05F6C4F}.Release|x86.Deploy.0 = Release|x86
		{D559F214-367E-4829-AE72-7B09DF4BFC81}.Debug|Any CPU.ActiveCfg = Debug|Any CPU
		{D559F214-367E-4829-AE72-7B09DF4BFC81}.Debug|Any CPU.Build.0 = Debug|Any CPU
		{D559F214-367E-4829-AE72-7B09DF4BFC81}.Debug|Any CPU.Deploy.0 = Debug|Any CPU
		{D559F214-367E-4829-AE72-7B09DF4BFC81}.Debug|ARM.ActiveCfg = Debug|Any CPU
		{D559F214-367E-4829-AE72-7B09DF4BFC81}.Debug|ARM.Build.0 = Debug|Any CPU
		{D559F214-367E-4829-AE72-7B09DF4BFC81}.Debug|ARM.Deploy.0 = Debug|Any CPU
		{D559F214-367E-4829-AE72-7B09DF4BFC81}.Debug|iPhone.ActiveCfg = Debug|Any CPU
		{D559F214-367E-4829-AE72-7B09DF4BFC81}.Debug|iPhone.Build.0 = Debug|Any CPU
		{D559F214-367E-4829-AE72-7B09DF4BFC81}.Debug|iPhone.Deploy.0 = Debug|Any CPU
		{D559F214-367E-4829-AE72-7B09DF4BFC81}.Debug|iPhoneSimulator.ActiveCfg = Debug|Any CPU
		{D559F214-367E-4829-AE72-7B09DF4BFC81}.Debug|iPhoneSimulator.Build.0 = Debug|Any CPU
		{D559F214-367E-4829-AE72-7B09DF4BFC81}.Debug|iPhoneSimulator.Deploy.0 = Debug|Any CPU
		{D559F214-367E-4829-AE72-7B09DF4BFC81}.Debug|x64.ActiveCfg = Debug|Any CPU
		{D559F214-367E-4829-AE72-7B09DF4BFC81}.Debug|x64.Build.0 = Debug|Any CPU
		{D559F214-367E-4829-AE72-7B09DF4BFC81}.Debug|x64.Deploy.0 = Debug|Any CPU
		{D559F214-367E-4829-AE72-7B09DF4BFC81}.Debug|x86.ActiveCfg = Debug|Any CPU
		{D559F214-367E-4829-AE72-7B09DF4BFC81}.Debug|x86.Build.0 = Debug|Any CPU
		{D559F214-367E-4829-AE72-7B09DF4BFC81}.Debug|x86.Deploy.0 = Debug|Any CPU
		{D559F214-367E-4829-AE72-7B09DF4BFC81}.Release|Any CPU.ActiveCfg = Release|Any CPU
		{D559F214-367E-4829-AE72-7B09DF4BFC81}.Release|Any CPU.Build.0 = Release|Any CPU
		{D559F214-367E-4829-AE72-7B09DF4BFC81}.Release|Any CPU.Deploy.0 = Release|Any CPU
		{D559F214-367E-4829-AE72-7B09DF4BFC81}.Release|ARM.ActiveCfg = Release|Any CPU
		{D559F214-367E-4829-AE72-7B09DF4BFC81}.Release|ARM.Build.0 = Release|Any CPU
		{D559F214-367E-4829-AE72-7B09DF4BFC81}.Release|ARM.Deploy.0 = Release|Any CPU
		{D559F214-367E-4829-AE72-7B09DF4BFC81}.Release|iPhone.ActiveCfg = Release|Any CPU
		{D559F214-367E-4829-AE72-7B09DF4BFC81}.Release|iPhone.Build.0 = Release|Any CPU
		{D559F214-367E-4829-AE72-7B09DF4BFC81}.Release|iPhone.Deploy.0 = Release|Any CPU
		{D559F214-367E-4829-AE72-7B09DF4BFC81}.Release|iPhoneSimulator.ActiveCfg = Release|Any CPU
		{D559F214-367E-4829-AE72-7B09DF4BFC81}.Release|iPhoneSimulator.Build.0 = Release|Any CPU
		{D559F214-367E-4829-AE72-7B09DF4BFC81}.Release|iPhoneSimulator.Deploy.0 = Release|Any CPU
		{D559F214-367E-4829-AE72-7B09DF4BFC81}.Release|x64.ActiveCfg = Release|Any CPU
		{D559F214-367E-4829-AE72-7B09DF4BFC81}.Release|x64.Build.0 = Release|Any CPU
		{D559F214-367E-4829-AE72-7B09DF4BFC81}.Release|x64.Deploy.0 = Release|Any CPU
		{D559F214-367E-4829-AE72-7B09DF4BFC81}.Release|x86.ActiveCfg = Release|Any CPU
		{D559F214-367E-4829-AE72-7B09DF4BFC81}.Release|x86.Build.0 = Release|Any CPU
		{D559F214-367E-4829-AE72-7B09DF4BFC81}.Release|x86.Deploy.0 = Release|Any CPU
		{DC4BBC84-2794-4708-9DC6-DA1E1A6D754A}.Debug|Any CPU.ActiveCfg = Debug|iPhoneSimulator
		{DC4BBC84-2794-4708-9DC6-DA1E1A6D754A}.Debug|Any CPU.Build.0 = Debug|iPhoneSimulator
		{DC4BBC84-2794-4708-9DC6-DA1E1A6D754A}.Debug|Any CPU.Deploy.0 = Debug|iPhoneSimulator
		{DC4BBC84-2794-4708-9DC6-DA1E1A6D754A}.Debug|ARM.ActiveCfg = Debug|iPhone
		{DC4BBC84-2794-4708-9DC6-DA1E1A6D754A}.Debug|ARM.Build.0 = Debug|iPhone
		{DC4BBC84-2794-4708-9DC6-DA1E1A6D754A}.Debug|ARM.Deploy.0 = Debug|iPhone
		{DC4BBC84-2794-4708-9DC6-DA1E1A6D754A}.Debug|iPhone.ActiveCfg = Debug|iPhone
		{DC4BBC84-2794-4708-9DC6-DA1E1A6D754A}.Debug|iPhone.Build.0 = Debug|iPhone
		{DC4BBC84-2794-4708-9DC6-DA1E1A6D754A}.Debug|iPhone.Deploy.0 = Debug|iPhone
		{DC4BBC84-2794-4708-9DC6-DA1E1A6D754A}.Debug|iPhoneSimulator.ActiveCfg = Debug|iPhoneSimulator
		{DC4BBC84-2794-4708-9DC6-DA1E1A6D754A}.Debug|iPhoneSimulator.Build.0 = Debug|iPhoneSimulator
		{DC4BBC84-2794-4708-9DC6-DA1E1A6D754A}.Debug|iPhoneSimulator.Deploy.0 = Debug|iPhoneSimulator
		{DC4BBC84-2794-4708-9DC6-DA1E1A6D754A}.Debug|x64.ActiveCfg = Debug|iPhoneSimulator
		{DC4BBC84-2794-4708-9DC6-DA1E1A6D754A}.Debug|x64.Build.0 = Debug|iPhoneSimulator
		{DC4BBC84-2794-4708-9DC6-DA1E1A6D754A}.Debug|x64.Deploy.0 = Debug|iPhoneSimulator
		{DC4BBC84-2794-4708-9DC6-DA1E1A6D754A}.Debug|x86.ActiveCfg = Debug|iPhoneSimulator
		{DC4BBC84-2794-4708-9DC6-DA1E1A6D754A}.Debug|x86.Build.0 = Debug|iPhoneSimulator
		{DC4BBC84-2794-4708-9DC6-DA1E1A6D754A}.Debug|x86.Deploy.0 = Debug|iPhoneSimulator
		{DC4BBC84-2794-4708-9DC6-DA1E1A6D754A}.Release|Any CPU.ActiveCfg = Release|iPhoneSimulator
		{DC4BBC84-2794-4708-9DC6-DA1E1A6D754A}.Release|Any CPU.Build.0 = Release|iPhoneSimulator
		{DC4BBC84-2794-4708-9DC6-DA1E1A6D754A}.Release|Any CPU.Deploy.0 = Release|iPhoneSimulator
		{DC4BBC84-2794-4708-9DC6-DA1E1A6D754A}.Release|ARM.ActiveCfg = Release|iPhoneSimulator
		{DC4BBC84-2794-4708-9DC6-DA1E1A6D754A}.Release|ARM.Build.0 = Release|iPhoneSimulator
		{DC4BBC84-2794-4708-9DC6-DA1E1A6D754A}.Release|ARM.Deploy.0 = Release|iPhoneSimulator
		{DC4BBC84-2794-4708-9DC6-DA1E1A6D754A}.Release|iPhone.ActiveCfg = Release|iPhone
		{DC4BBC84-2794-4708-9DC6-DA1E1A6D754A}.Release|iPhone.Build.0 = Release|iPhone
		{DC4BBC84-2794-4708-9DC6-DA1E1A6D754A}.Release|iPhone.Deploy.0 = Release|iPhone
		{DC4BBC84-2794-4708-9DC6-DA1E1A6D754A}.Release|iPhoneSimulator.ActiveCfg = Release|iPhoneSimulator
		{DC4BBC84-2794-4708-9DC6-DA1E1A6D754A}.Release|iPhoneSimulator.Build.0 = Release|iPhoneSimulator
		{DC4BBC84-2794-4708-9DC6-DA1E1A6D754A}.Release|iPhoneSimulator.Deploy.0 = Release|iPhoneSimulator
		{DC4BBC84-2794-4708-9DC6-DA1E1A6D754A}.Release|x64.ActiveCfg = Release|iPhoneSimulator
		{DC4BBC84-2794-4708-9DC6-DA1E1A6D754A}.Release|x64.Build.0 = Release|iPhoneSimulator
		{DC4BBC84-2794-4708-9DC6-DA1E1A6D754A}.Release|x64.Deploy.0 = Release|iPhoneSimulator
		{DC4BBC84-2794-4708-9DC6-DA1E1A6D754A}.Release|x86.ActiveCfg = Release|iPhoneSimulator
		{DC4BBC84-2794-4708-9DC6-DA1E1A6D754A}.Release|x86.Build.0 = Release|iPhoneSimulator
		{DC4BBC84-2794-4708-9DC6-DA1E1A6D754A}.Release|x86.Deploy.0 = Release|iPhoneSimulator
		{8EC65DE7-DDF7-4046-AC39-C3F19E60CC66}.Debug|Any CPU.ActiveCfg = Debug|Any CPU
		{8EC65DE7-DDF7-4046-AC39-C3F19E60CC66}.Debug|Any CPU.Build.0 = Debug|Any CPU
		{8EC65DE7-DDF7-4046-AC39-C3F19E60CC66}.Debug|Any CPU.Deploy.0 = Debug|Any CPU
		{8EC65DE7-DDF7-4046-AC39-C3F19E60CC66}.Debug|ARM.ActiveCfg = Debug|Any CPU
		{8EC65DE7-DDF7-4046-AC39-C3F19E60CC66}.Debug|ARM.Build.0 = Debug|Any CPU
		{8EC65DE7-DDF7-4046-AC39-C3F19E60CC66}.Debug|ARM.Deploy.0 = Debug|Any CPU
		{8EC65DE7-DDF7-4046-AC39-C3F19E60CC66}.Debug|iPhone.ActiveCfg = Debug|Any CPU
		{8EC65DE7-DDF7-4046-AC39-C3F19E60CC66}.Debug|iPhone.Build.0 = Debug|Any CPU
		{8EC65DE7-DDF7-4046-AC39-C3F19E60CC66}.Debug|iPhone.Deploy.0 = Debug|Any CPU
		{8EC65DE7-DDF7-4046-AC39-C3F19E60CC66}.Debug|iPhoneSimulator.ActiveCfg = Debug|Any CPU
		{8EC65DE7-DDF7-4046-AC39-C3F19E60CC66}.Debug|iPhoneSimulator.Build.0 = Debug|Any CPU
		{8EC65DE7-DDF7-4046-AC39-C3F19E60CC66}.Debug|iPhoneSimulator.Deploy.0 = Debug|Any CPU
		{8EC65DE7-DDF7-4046-AC39-C3F19E60CC66}.Debug|x64.ActiveCfg = Debug|Any CPU
		{8EC65DE7-DDF7-4046-AC39-C3F19E60CC66}.Debug|x64.Build.0 = Debug|Any CPU
		{8EC65DE7-DDF7-4046-AC39-C3F19E60CC66}.Debug|x64.Deploy.0 = Debug|Any CPU
		{8EC65DE7-DDF7-4046-AC39-C3F19E60CC66}.Debug|x86.ActiveCfg = Debug|Any CPU
		{8EC65DE7-DDF7-4046-AC39-C3F19E60CC66}.Debug|x86.Build.0 = Debug|Any CPU
		{8EC65DE7-DDF7-4046-AC39-C3F19E60CC66}.Debug|x86.Deploy.0 = Debug|Any CPU
		{8EC65DE7-DDF7-4046-AC39-C3F19E60CC66}.Release|Any CPU.ActiveCfg = Release|Any CPU
		{8EC65DE7-DDF7-4046-AC39-C3F19E60CC66}.Release|Any CPU.Build.0 = Release|Any CPU
		{8EC65DE7-DDF7-4046-AC39-C3F19E60CC66}.Release|Any CPU.Deploy.0 = Release|Any CPU
		{8EC65DE7-DDF7-4046-AC39-C3F19E60CC66}.Release|ARM.ActiveCfg = Release|Any CPU
		{8EC65DE7-DDF7-4046-AC39-C3F19E60CC66}.Release|ARM.Build.0 = Release|Any CPU
		{8EC65DE7-DDF7-4046-AC39-C3F19E60CC66}.Release|ARM.Deploy.0 = Release|Any CPU
		{8EC65DE7-DDF7-4046-AC39-C3F19E60CC66}.Release|iPhone.ActiveCfg = Release|Any CPU
		{8EC65DE7-DDF7-4046-AC39-C3F19E60CC66}.Release|iPhone.Build.0 = Release|Any CPU
		{8EC65DE7-DDF7-4046-AC39-C3F19E60CC66}.Release|iPhone.Deploy.0 = Release|Any CPU
		{8EC65DE7-DDF7-4046-AC39-C3F19E60CC66}.Release|iPhoneSimulator.ActiveCfg = Release|Any CPU
		{8EC65DE7-DDF7-4046-AC39-C3F19E60CC66}.Release|iPhoneSimulator.Build.0 = Release|Any CPU
		{8EC65DE7-DDF7-4046-AC39-C3F19E60CC66}.Release|iPhoneSimulator.Deploy.0 = Release|Any CPU
		{8EC65DE7-DDF7-4046-AC39-C3F19E60CC66}.Release|x64.ActiveCfg = Release|Any CPU
		{8EC65DE7-DDF7-4046-AC39-C3F19E60CC66}.Release|x64.Build.0 = Release|Any CPU
		{8EC65DE7-DDF7-4046-AC39-C3F19E60CC66}.Release|x64.Deploy.0 = Release|Any CPU
		{8EC65DE7-DDF7-4046-AC39-C3F19E60CC66}.Release|x86.ActiveCfg = Release|Any CPU
		{8EC65DE7-DDF7-4046-AC39-C3F19E60CC66}.Release|x86.Build.0 = Release|Any CPU
		{8EC65DE7-DDF7-4046-AC39-C3F19E60CC66}.Release|x86.Deploy.0 = Release|Any CPU
	EndGlobalSection
	GlobalSection(SolutionProperties) = preSolution
		HideSolutionNode = FALSE
	EndGlobalSection
	GlobalSection(ExtensibilityGlobals) = postSolution
		SolutionGuid = {43A39308-5636-4D9D-9BED-683AED9B0F82}
	EndGlobalSection
EndGlobal
